
Microsoft Visual Studio Solution File, Format Version 12.00
# Visual Studio Version 17
VisualStudioVersion = 17.7.34031.279
MinimumVisualStudioVersion = 10.0.40219.1
Project("{2150E333-8FDC-42A3-9474-1A3956D46DE8}") = "Solution Items", "Solution Items", "{4B9AC7D2-5A87-4100-9B2F-B71B7D285B17}"
	ProjectSection(SolutionItems) = preProject
		.gitignore = .gitignore
		README.md = README.md
	EndProjectSection
EndProject
Project("{FAE04EC0-301F-11D3-BF4B-00C04F79EFBC}") = "ApiFyo", "src\ApiFyo\ApiFyo.csproj", "{846DFC82-D0BB-47F8-9F84-89E4CA95CB7B}"
EndProject
Global
	GlobalSection(SolutionConfigurationPlatforms) = preSolution
		Debug|Any CPU = Debug|Any CPU
		Release|Any CPU = Release|Any CPU
	EndGlobalSection
	GlobalSection(ProjectConfigurationPlatforms) = postSolution
		{846DFC82-D0BB-47F8-9F84-89E4CA95CB7B}.Debug|Any CPU.ActiveCfg = Debug|Any CPU
		{846DFC82-D0BB-47F8-9F84-89E4CA95CB7B}.Debug|Any CPU.Build.0 = Debug|Any CPU
		{846DFC82-D0BB-47F8-9F84-89E4CA95CB7B}.Release|Any CPU.ActiveCfg = Release|Any CPU
		{846DFC82-D0BB-47F8-9F84-89E4CA95CB7B}.Release|Any CPU.Build.0 = Release|Any CPU
	EndGlobalSection
	GlobalSection(SolutionProperties) = preSolution
		HideSolutionNode = FALSE
	EndGlobalSection
	GlobalSection(ExtensibilityGlobals) = postSolution
		SolutionGuid = {E4CE3C12-3118-4E9A-B781-C1A718855BFB}
	EndGlobalSection
EndGlobal
